
Microsoft Visual Studio Solution File, Format Version 12.00
# Visual Studio 15
VisualStudioVersion = 15.0.28307.421
MinimumVisualStudioVersion = 10.0.40219.1
Project("{9A19103F-16F7-4668-BE54-9A1E7A4F7556}") = "BasicAvaloniaEditor", "BasicAvaloniaEditor\BasicAvaloniaEditor.csproj", "{DDBD8ECD-1A8D-4F9A-B5C6-6144C36DF950}"
EndProject
Project("{FAE04EC0-301F-11D3-BF4B-00C04F79EFBC}") = "DialogAction", "DialogAction\DialogAction.csproj", "{AE22CC4E-A566-40C4-833E-9A49B5201E76}"
EndProject
Global
	GlobalSection(SolutionConfigurationPlatforms) = preSolution
		Debug|Any CPU = Debug|Any CPU
		Release|Any CPU = Release|Any CPU
	EndGlobalSection
	GlobalSection(ProjectConfigurationPlatforms) = postSolution
		{DDBD8ECD-1A8D-4F9A-B5C6-6144C36DF950}.Debug|Any CPU.ActiveCfg = Debug|Any CPU
		{DDBD8ECD-1A8D-4F9A-B5C6-6144C36DF950}.Debug|Any CPU.Build.0 = Debug|Any CPU
		{DDBD8ECD-1A8D-4F9A-B5C6-6144C36DF950}.Release|Any CPU.ActiveCfg = Release|Any CPU
		{DDBD8ECD-1A8D-4F9A-B5C6-6144C36DF950}.Release|Any CPU.Build.0 = Release|Any CPU
		{AE22CC4E-A566-40C4-833E-9A49B5201E76}.Debug|Any CPU.ActiveCfg = Debug|Any CPU
		{AE22CC4E-A566-40C4-833E-9A49B5201E76}.Debug|Any CPU.Build.0 = Debug|Any CPU
		{AE22CC4E-A566-40C4-833E-9A49B5201E76}.Release|Any CPU.ActiveCfg = Release|Any CPU
		{AE22CC4E-A566-40C4-833E-9A49B5201E76}.Release|Any CPU.Build.0 = Release|Any CPU
	EndGlobalSection
	GlobalSection(SolutionProperties) = preSolution
		HideSolutionNode = FALSE
	EndGlobalSection
	GlobalSection(ExtensibilityGlobals) = postSolution
		SolutionGuid = {EF945ACF-672B-48C7-8009-167B1D220539}
	EndGlobalSection
EndGlobal
